# This file is automatically @generated by Poetry 2.4.1 and should not be changed by hand.

[[package]]
name = "asgiref"
version = "3.12.1"
description = "ASGI specs, helper code, and adapters"
optional = false
python-versions = ">=3.10"
groups = ["main"]
files = [
    {file = "asgiref-3.12.1-py3-none-any.whl", hash = "sha256:fe386d1c2bff7259ea95929266d12a8cf9a8b5a1c2598402967d8792e7a7c094"},
    {file = "asgiref-3.12.1.tar.gz", hash = "sha256:59dcb51c272ad209d59bed5708a64a333083e86017d7fcdd67498eeab7784340"},
]

[package.extras]
mypy = ["mypy (>=1.14.0)"]
tests = ["pytest", "pytest-asyncio"]

[[package]]
name = "black"
version = "26.10.1"
description = "The uncompromising code formatter."
optional = false
python-versions = ">=3.10"
groups = ["main"]
files = [
    {file = "black-26.10.1-cp310-cp310-macosx_10_9_x86_64.whl", hash = "sha256:51d5e417e700fe6ec0b0ecdc408c6f6cb5def80328f31f724993d82c6486b746"},
    {file = "black-26.10.1-cp310-cp310-macosx_11_0_arm64.whl", hash = "sha256:70ccbd175b7f6be29d2b727ee7ca6b4c54053df59da653a6df80b175d20a94fa"},
    {file = "black-26.10.1-cp310-cp310-manylinux2014_x86_64.manylinux_2_17_x86_64.manylinux_2_28_x86_64.whl", hash = "sha256:d5bd3518d8e97138fef295230b1e9804076d69fa4e3594071494a8c68abe6266"},
    {file = "black-26.10.1-cp310-cp310-win_amd64.whl", hash = "sha256:0ce08b367307b0fd91c9dd1d4084e62b05b3055475f951f0f34a46b6e2393b64"},
    {file = "black-26.10.1-cp310-cp310-win_arm64.whl", hash = "sha256:19fa8f5beb5e77c54c9c7e21d00cc93ed6c8b6228ee385616906d6befe081143"},
    {file = "black-26.10.1-cp311-cp311-macosx_10_9_x86_64.whl", hash = "sha256:9a0219b29cd70e49f920acb7081e6ce5025c719008447c521d0200dcad93206a"},
    {file = "black-26.10.1-cp311-cp311-macosx_11_0_arm64.whl", hash = "sha256:7bdade400bfe24d78a7762896acc2f9a8e1a17fb0fd0536bf6b7c7097cf3eec7"},
    {file = "black-26.10.1-cp311-cp311-manylinux2014_x86_64.manylinux_2_17_x86_64.manylinux_2_28_x86_64.whl", hash = "sha256:ff57f63029aa1353fa8b1b0c8971fd88a6c92dc766608d2eee33ad2deb23270e"},
    {file = "black-26.10.1-cp311-cp311-win_amd64.whl", hash = "sha256:3414a0c52901964dceabd98c7c56beac0f964115a116ecedcce7247359b14017"},
    {file = "black-26.10.1-cp311-cp311-win_arm64.whl", hash = "sha256:1935b32f5326028019856e18cb42b4da63db23765dc84464cec723e0de478a9b"},
    {file = "black-26.10.1-cp312-cp312-macosx_10_13_x86_64.whl", hash = "sha256:fe85fc4019bee59bc495c0f2a8ee76c5cd02c7015508d94a967ba2376f39a52c"},
    {file = "black-26.10.1-cp312-cp312-macosx_11_0_arm64.whl", hash = "sha256:182f6c32be38074b16d378498c498b32cb51928178ee611485344972c35ec9c6"},
    {file = "black-26.10.1-cp312-cp312-manylinux2014_x86_64.manylinux_2_17_x86_64.manylinux_2_28_x86_64.whl", hash = "sha256:b5347d760f0c02bb00dd249384cab71c3bf828b4f68d5b401eb116e0390f147d"},
    {file = "black-26.10.1-cp312-cp312-win_amd64.whl", hash = "sha256:4d9a90516db1d99c25dbb20cc0998e0e01531dd903466c7744e56d66f864220a"},
    {file = "black-26.10.1-cp312-cp312-win_arm64.whl", hash = "sha256:2ffbc023a12d0c729408823b8f10514490bd0baa301d0d4e21a7240249f9507f"},
    {file = "black-26.10.1-cp313-cp313-macosx_10_13_x86_64.whl", hash = "sha256:b6272cfd7e1e8e271f5b0e0207259fe2834687e5cb9b5f620b34a44db9754993"},
    {file = "black-26.10.1-cp313-cp313-macosx_11_0_arm64.whl", hash = "sha256:978113a40223a6aaefc17364176a809a320e6b288683841427fff04c6d7b4130"},
    {file = "black-26.10.1-cp313-cp313-manylinux2014_x86_64.manylinux_2_17_x86_64.manylinux_2_28_x86_64.whl", hash = "sha256:03c0ddd93bb392e71209903a691767eb366fe1a76deb9509ccbaae9e1f14bb52"},
    {file = "black-26.10.1-cp313-cp313-win_amd64.whl", hash = "sha256:f6dba8138cdc99061ef07b958ac082d2aa057b6961d1936f9717c350f02bab5f"},
    {file = "black-26.10.1-cp313-cp313-win_arm64.whl", hash = "sha256:d42dd2fac7c342ae67e64ee99c9532e20b2a84e92c79ed3317fa2ef54c801d93"},
    {file = "black-26.10.1-cp314-cp314-macosx_10_15_x86_64.whl", hash = "sha256:8375962579d537364cc0efa19b1474481915d3a793f9fc0774901814c5e5b5f4"},
    {file = "black-26.10.1-cp314-cp314-macosx_11_0_arm64.whl", hash = "sha256:d8b3a9074a680b3c5749633714e9ae3992a1e5a23343a97ad61cd9b119b444d2"},
    {file = "black-26.10.1-cp314-cp314-manylinux2014_x86_64.manylinux_2_17_x86_64.manylinux_2_28_x86_64.whl", hash = "sha256:289282aa2e09d3162312a3be1788ff21b08e9ea9cc4a81e656024728b32428fb"},
    {file = "black-26.10.1-cp314-cp314-win_amd64.whl", hash = "sha256:5cd88fd7b444ca51f3fc883b6f6657ea53a258b0b2eef6d9f2dfcfa17ce0e27b"},
    {file = "black-26.10.1-cp314-cp314-win_arm64.whl", hash = "sha256:2520037aa62f8a1454d0811b8f5c88b444445b03a4bfba480d8d220893b64c34"},
    {file = "black-26.10.1-py3-none-any.whl", hash = "sha256:28842f9a8207cc1df6eb983a35a14c5a0dfcd603d214fe82d84bef552afd2e3a"},
    {file = "black-26.10.1.tar.gz", hash = "sha256:5f9f83beae62437e060dafd53d7f1fc327e3d3494f74d72ee5c2b73eb90fc4e7"},
]

[package.dependencies]
click = ">=8.0.0"
mypy-extensions = ">=0.4.3"
packaging = ">=22.0"
pathspec = ">=1.0.0"
platformdirs = ">=2"
pytokens = ">=0.4.0,<0.5.0"

[package.extras]
colorama = ["colorama (>=0.4.3)"]
d = ["aiohttp (>=3.10)"]
jupyter = ["ipython (>=7.8.0)", "tokenize-rt (>=3.2.0)"]
uvloop = ["uvloop (>=0.15.2) ; sys_platform != \"win32\"", "winloop (>=0.5.0) ; sys_platform == \"win32\""]

[[package]]
name = "click"
version = "8.5.0"
description = "Composable command line interface toolkit"
optional = false
python-versions = ">=3.10"
groups = ["main"]
files = [
    {file = "click-8.5.0-py3-none-any.whl", hash = "sha256:255bc9599cf7748b4b1a446ccc735421bd08a2ae529a8b88597d3de5664ee360"},
    {file = "click-8.5.0.tar.gz", hash = "sha256:ba0d2089de75ea0310e2dde03160e6ca10009947fb95a182f9b54021bb272e34"},
]

[[package]]
name = "colorama"
version = "0.4.6"
description = "Cross-platform colored terminal text."
optional = false
python-versions = "!=3.0.*,!=3.1.*,!=3.2.*,!=3.3.*,!=3.4.*,!=3.5.*,!=3.6.*,>=2.7"
groups = ["main", "dev"]
markers = "sys_platform == \"win32\""
files = [
    {file = "colorama-0.4.6-py2.py3-none-any.whl", hash = "sha256:4f1d9991f5acc0ca119f9d443620b77f9d6b33703e51011c16baf57afb285fc6"},
    {file = "colorama-0.4.6.tar.gz", hash = "sha256:08695f5cb7ed6e0531a20572697297273c47b8cae5a63ffc6d6ed5c201be6e44"},
]

[[package]]
name = "django"
version = "6.1.2"
description = "A high-level Python web framework that encourages rapid development and clean, pragmatic design."
optional = false
python-versions = ">=3.12"
groups = ["main"]
files = [
    {file = "django-6.1.2-py3-none-any.whl", hash = "sha256:141efee6ec64d1db6db90683bf734c550102450f444fb099063b0be1bd27d991"},
    {file = "django-6.1.2.tar.gz", hash = "sha256:a1e92451ccb8b514e91bbb3b6d186d20b4030558f116b5d9de6535455ff210b7"},
]

[package.dependencies]
asgiref = ">=3.9.1"
sqlparse = ">=0.5.0"
tzdata = {version = "*", markers = "sys_platform == \"win32\""}

[package.extras]
argon2 = ["argon2-cffi (>=23.1.0)"]
bcrypt = ["bcrypt (>=4.1.1)"]

[[package]]
name = "django-debug-toolbar"
version = "8.0.0"
description = "A configurable set of panels that display various debug information about the current request/response."
optional = false
python-versions = ">=3.10"
groups = ["main"]
files = [
    {file = "django_debug_toolbar-8.0.0-py3-none-any.whl", hash = "sha256:329dfd6e1c26d9b4501a5cc69294c8bb734206ccb1bd36e96afc4d14128b630a"},
    {file = "django_debug_toolbar-8.0.0.tar.gz", hash = "sha256:cae32d3e441e608f39f3f1ca6b3f028c38d5d04d74c98d8ab96d46022dee3163"},
]

[package.dependencies]
django = ">=5.2"
sqlparse = ">=0.2"

[[package]]
name = "django-extensions"
version = "4.1"
description = "Extensions for Django"
optional = false
python-versions = ">=3.9"
groups = ["main"]
files = [
    {file = "django_extensions-4.1-py3-none-any.whl", hash = "sha256:0699a7af28f2523bf8db309a80278519362cd4b6e1fd0a8cd4bf063e1e023336"},
    {file = "django_extensions-4.1.tar.gz", hash = "sha256:7b70a4d28e9b840f44694e3f7feb54f55d495f8b3fa6c5c0e5e12bcb2aa3cdeb"},
]

[package.dependencies]
django = ">=4.2"

[[package]]
name = "djangorestframework"
version = "3.18.3"
description = "Web APIs for Django, made easy."
optional = false
python-versions = ">=3.10"
groups = ["main"]
files = [
    {file = "djangorestframework-3.18.3-py3-none-any.whl", hash = "sha256:8544bb674846731b1e3c9b309236ee1dc412905a0aa725be2ec193ca950a7d12"},
    {file = "djangorestframework-3.18.3.tar.gz", hash = "sha256:446a9b352e7eff630421ab3f2328bd2401b109a9470afa4a31189994911ed030"},
]

[package.dependencies]
django = ">=5.2"

[[package]]
name = "factory-boy"
version = "3.3.3"
description = "A versatile test fixtures replacement based on thoughtbot's factory_bot for Ruby."
optional = false
python-versions = ">=3.8"
groups = ["main"]
files = [
    {file = "factory_boy-3.3.3-py2.py3-none-any.whl", hash = "sha256:1c39e3289f7e667c4285433f305f8d506efc2fe9c73aaea4151ebd5cdea394fc"},
    {file = "factory_boy-3.3.3.tar.gz", hash = "sha256:866862d226128dfac7f2b4160287e899daf54f2612778327dd03d0e2cb1e3d03"},
]

[package.dependencies]
Faker = ">=0.7.0"

[package.extras]
dev = ["Django", "Pillow", "SQLAlchemy", "coverage", "flake8", "isort", "mongoengine", "mongomock", "mypy", "tox", "wheel (>=0.32.0)", "zest.releaser[recommended]"]
doc = ["Sphinx", "sphinx-rtd-theme", "sphinxcontrib-spelling"]

[[package]]
name = "faker"
version = "40.43.0"
description = "Faker is a Python package that generates fake data for you."
optional = false
python-versions = ">=3.10"
groups = ["main"]
files = [
    {file = "faker-40.43.0-py3-none-any.whl", hash = "sha256:9dd7c0ddfaf30c842b05502d3cf641c135e0120a3a19047008ba8525b72953ed"},
    {file = "faker-40.43.0.tar.gz", hash = "sha256:02fae4327c03a4a6315e1b428a3878f435bfc276c93435ea349b95c0c9372361"},
]

[package.dependencies]
tzdata = {version = "*", markers = "platform_system == \"Windows\""}

[package.extras]
image = ["pillow"]
tzdata = ["tzdata"]

[[package]]
name = "iniconfig"
version = "2.3.1"
description = "brain-dead simple config-ini parsing"
optional = false
python-versions = ">=3.10"
groups = ["main", "dev"]
files = [
    {file = "iniconfig-2.3.1-py3-none-any.whl", hash = "sha256:9121e2c1fdb355232495be3194c8dfe87ccc2d5dee45947b78e68f499790d7a7"},
    {file = "iniconfig-2.3.1.tar.gz", hash = "sha256:67f4b9c50da0dedf52af349e7749a80a9057a5031199791b906c3bb3ae878960"},
]

[[package]]
name = "mypy-extensions"
version = "1.1.0"
description = "Type system extensions for programs checked with the mypy type checker."
optional = false
python-versions = ">=3.8"
groups = ["main"]
files = [
    {file = "mypy_extensions-1.1.0-py3-none-any.whl", hash = "sha256:1be4cccdb0f2482337c4743e60421de3a356cd97508abadd57d47403e94f5505"},
    {file = "mypy_extensions-1.1.0.tar.gz", hash = "sha256:52e68efc3284861e772bbcd66823fde5ae21fd2fdb51c62a211403730b916558"},
]

[[package]]
name = "packaging"
version = "26.3"
description = "Core utilities for Python packages"
optional = false
python-versions = ">=3.9"
groups = ["main", "dev"]
files = [
    {file = "packaging-26.3-py3-none-any.whl", hash = "sha256:d7193f7c8e4e93f444fde0262bf90af30e16fa0ad0ad44cb553c87339b23cd1c"},
    {file = "packaging-26.3.tar.gz", hash = "sha256:94edc256424af38762eb31306eed28beb9f0efc50a8837492c9d6fd6004aed79"},
]

[[package]]
name = "pathspec"
version = "1.1.1"
description = "Utility library for gitignore style pattern matching of file paths."
optional = false
python-versions = ">=3.9"
groups = ["main"]
files = [
    {file = "pathspec-1.1.1-py3-none-any.whl", hash = "sha256:a00ce642f577bf7f473932318056212bc4f8bfdf53128c78bbd5af0b9b20b189"},
    {file = "pathspec-1.1.1.tar.gz", hash = "sha256:17db5ecd524104a120e173814c90367a96a98d07c45b2e10c2f3919fff91bf5a"},
]

[package.extras]
hyperscan = ["hyperscan (>=0.7)"]
optional = ["typing-extensions (>=4)"]
re2 = ["google-re2 (>=1.1)"]

[[package]]
name = "platformdirs"
version = "4.12.4"
description = "A small Python package for determining appropriate platform-specific dirs, e.g. a `user data dir`."
optional = false
python-versions = ">=3.10"
groups = ["main"]
files = [
    {file = "platformdirs-4.12.4-py3-none-any.whl", hash = "sha256:78bfb9db2a8471ed7eebe3c3c932da413911042994e699b384fbb4493fa872d7"},
    {file = "platformdirs-4.12.4.tar.gz", hash = "sha256:63743c02414e755de4e31b8f68125c1407495b86c5a006e203c01ff8b9924250"},
]

[[package]]
name = "pluggy"
version = "1.6.0"
description = "plugin and hook calling mechanisms for python"
optional = false
python-versions = ">=3.9"
groups = ["main", "dev"]
files = [
    {file = "pluggy-1.6.0-py3-none-any.whl", hash = "sha256:e920276dd6813095e9377c0bc5566d94c932c33b27a3e3945d8389c374dd4746"},
    {file = "pluggy-1.6.0.tar.gz", hash = "sha256:7dcc130b76258d33b90f61b658791dede3486c3e6bfb003ee5c9bfb396dd22f3"},
]

[package.extras]
dev = ["pre-commit", "tox"]
testing = ["coverage", "pytest", "pytest-benchmark"]

[[package]]
name = "psycopg2-binary"
version = "2.9.13"
description = "psycopg2 - Python-PostgreSQL Database Adapter"
optional = false
python-versions = ">=3.10"
groups = ["main"]
files = [
    {file = "psycopg2_binary-2.9.13-cp310-cp310-macosx_10_9_x86_64.whl", hash = "sha256:c519e406287085f43aa0d3061936edf1ba51286093532f215315c6ab8ba92c3b"},
    {file = "psycopg2_binary-2.9.13-cp310-cp310-macosx_11_0_arm64.whl", hash = "sha256:086659ab083119f7ee87a779e31b94211cf162b708fc9a6bec771f75c73ac3e6"},
    {file = "psycopg2_binary-2.9.13-cp310-cp310-manylinux2014_ppc64le.manylinux_2_17_ppc64le.whl", hash = "sha256:1f4c7bdbafdf9dc018efbc29213b73f8308332888ba76a4cf503f560bfd21705"},
    {file = "psycopg2_binary-2.9.13-cp310-cp310-manylinux2014_x86_64.manylinux_2_17_x86_64.whl", hash = "sha256:d2fc9342aad969b9a28490a4c3eaba94b35beb2d26e9a39b31d1430378aa71b2"},
    {file = "psycopg2_binary-2.9.13-cp310-cp310-manylinux_2_27_aarch64.manylinux_2_28_aarch64.whl", hash = "sha256:f124954a32640dfb5c000d33028f48053930d7ff226bc74cde5fb316f9c6fcb6"},
    {file = "psycopg2_binary-2.9.13-cp310-cp310-manylinux_2_38_riscv64.manylinux_2_39_riscv64.whl", hash = "sha256:c24c98fe1a113db287dfb1958771eafca97b7db812f23b7897c2a12b6b904c22"},
    {file = "psycopg2_binary-2.9.13-cp310-cp310-musllinux_1_2_aarch64.whl", hash = "sha256:f4cdfe41149dcc5583a3b7a2f0ad433f75bb3afd1c7a7332e63df89b05e34666"},
    {file = "psycopg2_binary-2.9.13-cp310-cp310-musllinux_1_2_ppc64le.whl", hash = "sha256:33a6d3c47f9655b481b2cdc1b4bf71c235e054e55663d3066036b6ce5fbe5165"},
    {file = "psycopg2_binary-2.9.13-cp310-cp310-musllinux_1_2_riscv64.whl", hash = "sha256:202dedd5cadb3e5dfd4d0415ab2fc5d5b44f4208de5308938e3e74ae222b638e"},
    {file = "psycopg2_binary-2.9.13-cp310-cp310-musllinux_1_2_x86_64.whl", hash = "sha256:db31cf7f617a51625f1473d8a66fc35dac159af8b28e80bc014ed3ee994a9fbf"},
    {file = "psycopg2_binary-2.9.13-cp310-cp310-win_amd64.whl", hash = "sha256:28eb30bf4a52c1117406f45771038faa96f882fdeeeb0ce43b960a1dbc6c1fd2"},
    {file = "psycopg2_binary-2.9.13-cp311-cp311-macosx_10_9_x86_64.whl", hash = "sha256:d19aec88857d2a52f99eefcefdbbb45921fb2f777bee5186a355a23d9cf8a0b9"},
    {file = "psycopg2_binary-2.9.13-cp311-cp311-macosx_11_0_arm64.whl", hash = "sha256:32cd049095135d2b69e824aea9056745a4aaaa9115a9febbc65584793665d0d0"},
    {file = "psycopg2_binary-2.9.13-cp311-cp311-manylinux2014_ppc64le.manylinux_2_17_ppc64le.whl", hash = "sha256:6e696297891b56ff0115f0665de6ad774e1e301e4f60745b8d5024001ae7c2f6"},
    {file = "psycopg2_binary-2.9.13-cp311-cp311-manylinux2014_x86_64.manylinux_2_17_x86_64.whl", hash = "sha256:930e7e58b33a4f9c39e7532d7a40147925cf3372baed4229cbebe0cf3ba9ce6b"},
    {file = "psycopg2_binary-2.9.13-cp311-cp311-manylinux_2_27_aarch64.manylinux_2_28_aarch64.whl", hash = "sha256:3aea95340825f5ff236e7b40f0b5602c2c77a1e95943f71fae34909834043d29"},
    {file = "psycopg2_binary-2.9.13-cp311-cp311-manylinux_2_38_riscv64.manylinux_2_39_riscv64.whl", hash = "sha256:27e539b4cafd5e03dcd32921db1b12dd72fe549dd06bae6d4d2a5b5838465f24"},
    {file = "psycopg2_binary-2.9.13-cp311-cp311-musllinux_1_2_aarch64.whl", hash = "sha256:0a6444ac48e2c04f691c2ddd542b38ba30c89463a2d446b3d74ec7d8fc90c964"},
    {file = "psycopg2_binary-2.9.13-cp311-cp311-musllinux_1_2_ppc64le.whl", hash = "sha256:8cb734989420c18ca1b71a82da880e11988f5ff3fcdaadd669161de3e98794ac"},
    {file = "psycopg2_binary-2.9.13-cp311-cp311-musllinux_1_2_riscv64.whl", hash = "sha256:f47f23db2d70db39cfb714b64fd5df76595b51b2ec0a669710a78f2dceb0c3f8"},
    {file = "psycopg2_binary-2.9.13-cp311-cp311-musllinux_1_2_x86_64.whl", hash = "sha256:f28b5f2fa8154d0d97e97a664136f58d1639ca008d45d6e09e69fff24826abee"},
    {file = "psycopg2_binary-2.9.13-cp311-cp311-win_amd64.whl", hash = "sha256:70d091f5c3a6177fac50c0da20181ce0e0c053f1e43c872d5f75bd6d9429c020"},
    {file = "psycopg2_binary-2.9.13-cp312-cp312-macosx_10_13_x86_64.whl", hash = "sha256:2bf9f97a6df69a5d89d054b8cf5257a0916096c479800715fbfe7974dbcb3a26"},
    {file = "psycopg2_binary-2.9.13-cp312-cp312-macosx_11_0_arm64.whl", hash = "sha256:07b7bd9f410650c34c3532162cc329f112368d78a3fc8668cb1ea9df61bc11bf"},
    {file = "psycopg2_binary-2.9.13-cp312-cp312-manylinux2014_ppc64le.manylinux_2_17_ppc64le.whl", hash = "sha256:0463c00f946517f3e69192a59e6601e023ff9de45ad0a875eda3d6b1bebeb7ce"},
    {file = "psycopg2_binary-2.9.13-cp312-cp312-manylinux2014_x86_64.manylinux_2_17_x86_64.whl", hash = "sha256:e3861eba31f8ea8663fd876166b032fd89179e42aa63764d6feb281f13f9eb60"},
    {file = "psycopg2_binary-2.9.13-cp312-cp312-manylinux_2_27_aarch64.manylinux_2_28_aarch64.whl", hash = "sha256:3dc3372b3731b3ef23407fe06b94f640ef87a2bda242fa386033d5589c87514a"},
    {file = "psycopg2_binary-2.9.13-cp312-cp312-manylinux_2_38_riscv64.manylinux_2_39_riscv64.whl", hash = "sha256:0405dd4d97720e7ab177aa02e493f524907c4cb3c445ac173e2627948d3d0528"},
    {file = "psycopg2_binary-2.9.13-cp312-cp312-musllinux_1_2_aarch64.whl", hash = "sha256:b6ae51708201f501a171b02419d0c30878a743c369c9054eb1289f0f8d5979e2"},
    {file = "psycopg2_binary-2.9.13-cp312-cp312-musllinux_1_2_ppc64le.whl", hash = "sha256:81682c227cc1849c4a6adf7b85274229073bb4c9d6ad5697222c695dcea5a8a7"},
    {file = "psycopg2_binary-2.9.13-cp312-cp312-musllinux_1_2_riscv64.whl", hash = "sha256:13d955f6054a705a19554364fe9888d0a6e8b0746dc7ebc08a447c7b4fd4145c"},
    {file = "psycopg2_binary-2.9.13-cp312-cp312-musllinux_1_2_x86_64.whl", hash = "sha256:7e2405196a8cfe6cd3e54172a54452dcf85c241eaf2e9dde7190d7469f7f5ef7"},
    {file = "psycopg2_binary-2.9.13-cp312-cp312-win_amd64.whl", hash = "sha256:376ebf7d8aee4b7386b2bac31fdc27911e7e57cd0a88f1e038b8b149398ac008"},
    {file = "psycopg2_binary-2.9.13-cp313-cp313-macosx_10_13_x86_64.whl", hash = "sha256:4d66bfd44a46eb88cff0287929a4193fb45166b6c1f84bb1b233cc17ece0813c"},
    {file = "psycopg2_binary-2.9.13-cp313-cp313-macosx_11_0_arm64.whl", hash = "sha256:f818161d2302b3b3e9c75d5a1d0a5c5679e92e45cfec6432b9d5432dde5ff1f1"},
    {file = "psycopg2_binary-2.9.13-cp313-cp313-manylinux2014_ppc64le.manylinux_2_17_ppc64le.whl", hash = "sha256:31db6cba66df5231dfd91d9f69188bec3fe6c8baae384e93a0ce792067ee2d98"},
    {file = "psycopg2_binary-2.9.13-cp313-cp313-manylinux2014_x86_64.manylinux_2_17_x86_64.whl", hash = "sha256:f04ada42bcd537adbaf8b7f3140237a204e452a88d0c1831cfce69f7d2e59f4e"},
    {file = "psycopg2_binary-2.9.13-cp313-cp313-manylinux_2_27_aarch64.manylinux_2_28_aarch64.whl", hash = "sha256:aa37089795bd9701576edc2eb5849ce77a439eda9dfdfa47857449332cfa5292"},
    {file = "psycopg2_binary-2.9.13-cp313-cp313-manylinux_2_38_riscv64.manylinux_2_39_riscv64.whl", hash = "sha256:41c2eb569ebd0e1b02d30d361a46932923b193fe1b5e641fb4d547c75e218955"},
    {file = "psycopg2_binary-2.9.13-cp313-cp313-musllinux_1_2_aarch64.whl", hash = "sha256:3f699a5225094a5c61402984e2fc1eca20e940223e76767c88189efb0c313f69"},
    {file = "psycopg2_binary-2.9.13-cp313-cp313-musllinux_1_2_ppc64le.whl", hash = "sha256:5f04ae99c9fbb94c3197ec88599ed7db921f6adcddfe83687a74c7ead4037c22"},
    {file = "psycopg2_binary-2.9.13-cp313-cp313-musllinux_1_2_riscv64.whl", hash = "sha256:81404c37e0344ebcf10aac127d33d35137e5dbab1daf9f3deee46188fd5879c2"},
    {file = "psycopg2_binary-2.9.13-cp313-cp313-musllinux_1_2_x86_64.whl", hash = "sha256:feb7b1856f6ca805cc0e08739858f6cdfed8ce903390126af30343c62899a389"},
    {file = "psycopg2_binary-2.9.13-cp313-cp313-win_amd64.whl", hash = "sha256:691da68ae5dd7c3ac77514357d35ece7b1ba8b5f3e6c92735198aa6159c355c8"},
    {file = "psycopg2_binary-2.9.13-cp314-cp314-macosx_10_15_x86_64.whl", hash = "sha256:2ca263643ae37998ae04d18e431df34d0d61f12b47640dab585f14b6dbe00798"},
    {file = "psycopg2_binary-2.9.13-cp314-cp314-macosx_11_0_arm64.whl", hash = "sha256:4c0214c7da18a28d108aa7108c8a3cca8035c7911ec97ef9ec0827569c9a2720"},
    {file = "psycopg2_binary-2.9.13-cp314-cp314-manylinux2014_ppc64le.manylinux_2_17_ppc64le.whl", hash = "sha256:5d89e064bb12b40cad696cf4975e6da86f8c60f14cd06cb6c1bc0a7f5d01761f"},
    {file = "psycopg2_binary-2.9.13-cp314-cp314-manylinux2014_x86_64.manylinux_2_17_x86_64.whl", hash = "sha256:190c18b97d9ef72f2e88c451b6588af90d6bd7bf54cb94b963280dc86a2c7076"},
    {file = "psycopg2_binary-2.9.13-cp314-cp314-manylinux_2_27_aarch64.manylinux_2_28_aarch64.whl", hash = "sha256:c00ebe9a2f31151aade0db233dc1446513a95e92c39ce055ee097af0ae86be1c"},
    {file = "psycopg2_binary-2.9.13-cp314-cp314-manylinux_2_38_riscv64.manylinux_2_39_riscv64.whl", hash = "sha256:5085f7ff7b1e890f279577cedeb8c628957869a340fa34a39f7f406500b3c916"},
    {file = "psycopg2_binary-2.9.13-cp314-cp314-musllinux_1_2_aarch64.whl", hash = "sha256:4e55357d1943673d491bbabb171c891704fc6a22441fea539e05a5c27a79ea3c"},
    {file = "psycopg2_binary-2.9.13-cp314-cp314-musllinux_1_2_ppc64le.whl", hash = "sha256:3e60b06ec7f9dc3e5f1106d12706514b6d6b92c3dc438fcdf4e43e65cc660d1b"},
    {file = "psycopg2_binary-2.9.13-cp314-cp314-musllinux_1_2_riscv64.whl", hash = "sha256:dde942b46ce20f6c4464cdf551f3293207f803f4e4354454eb1f5599c3eb1fa1"},
    {file = "psycopg2_binary-2.9.13-cp314-cp314-musllinux_1_2_x86_64.whl", hash = "sha256:215777c62ce81c3b487cefdb6a41969944eb982309f91349ff3ca0323d6f17ed"},
    {file = "psycopg2_binary-2.9.13-cp314-cp314-win_amd64.whl", hash = "sha256:f3088eb80f58ed933c62d87128741d31e786edc862e23266d3c286763d646de0"},
    {file = "psycopg2_binary-2.9.13-cp315-cp315-macosx_10_15_x86_64.whl", hash = "sha256:38397def2d794ffde9db80f63d6820253e61b17483112652a318355f51a56f50"},
    {file = "psycopg2_binary-2.9.13-cp315-cp315-macosx_11_0_arm64.whl", hash = "sha256:dff5c70ed9789ccb0d97ff4a7da51dc523a255c4ec95df188fa5d44adcae4ea8"},
    {file = "psycopg2_binary-2.9.13-cp315-cp315-manylinux2014_ppc64le.manylinux_2_17_ppc64le.whl", hash = "sha256:08d3b81a6a91775c937abf97d4c58fc9142e8e35fb91c387d24f81d15c98e6cf"},
    {file = "psycopg2_binary-2.9.13-cp315-cp315-manylinux2014_x86_64.manylinux_2_17_x86_64.whl", hash = "sha256:541a487a9ccd72b5e38f37f27b0ce78cb7eb3e336e7b5277d45463010c03a7a8"},
    {file = "psycopg2_binary-2.9.13-cp315-cp315-manylinux_2_27_aarch64.manylinux_2_28_aarch64.whl", hash = "sha256:562fe2a43b30e781848dce63d9080c15414c777c96df348c4342558338cc7bf3"},
    {file = "psycopg2_binary-2.9.13-cp315-cp315-manylinux_2_38_riscv64.manylinux_2_39_riscv64.whl", hash = "sha256:dddfe650e7dda464d676c27fbedb5061f1ad05e1604627f54c770d7f799d36e9"},
    {file = "psycopg2_binary-2.9.13-cp315-cp315-musllinux_1_2_aarch64.whl", hash = "sha256:4ff0f575cbb14f30445858dcfdd751e043486f5290915df78a9818bc74042eff"},
    {file = "psycopg2_binary-2.9.13-cp315-cp315-musllinux_1_2_ppc64le.whl", hash = "sha256:d79530b4c1af657d5620a1d21b8e39f2996aa06821d5564d05b22d6b8cd413d0"},
    {file = "psycopg2_binary-2.9.13-cp315-cp315-musllinux_1_2_riscv64.whl", hash = "sha256:6ede8595767e19d30a7e8a84a7d47bfde6176d45d194fed08dbb68d1584a780b"},
    {file = "psycopg2_binary-2.9.13-cp315-cp315-musllinux_1_2_x86_64.whl", hash = "sha256:0ebcf3c4266a695df9d0ef51296155f60c86ac51cf82f0d0dd2e827255a891c5"},
    {file = "psycopg2_binary-2.9.13-cp315-cp315-win_amd64.whl", hash = "sha256:1752b9821f1377404d65ac43af03d59a1eccc57fb2c1eb8305f9a3fe8eb7a8ba"},
    {file = "psycopg2_binary-2.9.13.tar.gz", hash = "sha256:e324ecf60f952d21dd11413b8bbed0951bbd99579a06fd06f28bfc37737cd373"},
]

[[package]]
name = "pygments"
version = "2.21.0"
description = "Pygments is a syntax highlighting package written in Python."
optional = false
python-versions = ">=3.9"
groups = ["main", "dev"]
files = [
    {file = "pygments-2.21.0-py3-none-any.whl", hash = "sha256:2363c69b61c4a97c838da3b130dcd6468f4848992b21a82f2a63ec34377137d9"},
    {file = "pygments-2.21.0.tar.gz", hash = "sha256:610ca751c9bc2492b38eb9a38a7fbc93edbbb2d7182edaf34e66ae493dee5c8c"},
]

[package.extras]
windows-terminal = ["colorama (>=0.4.6)"]

[[package]]
name = "pytest"
version = "9.1.1"
description = "pytest: simple powerful testing with Python"
optional = false
python-versions = ">=3.10"
groups = ["main", "dev"]
files = [
    {file = "pytest-9.1.1-py3-none-any.whl", hash = "sha256:37a86b45efb9a47a61a36449063e8e18d0cab3161329fc099eb21783169c4f0c"},
    {file = "pytest-9.1.1.tar.gz", hash = "sha256:1088fbde8f2b49d95a549a195707afa7a76a3ce9bcadc26b6d71f0ffda5fe313"},
]

[package.dependencies]
colorama = {version = ">=0.4", markers = "sys_platform == \"win32\""}
iniconfig = ">=1.0.1"
packaging = ">=22"
pluggy = ">=1.5,<2"
pygments = ">=2.7.2"

[package.extras]
dev = ["argcomplete", "attrs (>=19.2)", "hypothesis (>=3.56)", "mock", "requests", "setuptools", "xmlschema"]

[[package]]
name = "pytest-django"
version = "4.14.0"
description = "A Django plugin for pytest."
optional = false
python-versions = ">=3.10"
groups = ["dev"]
files = [
    {file = "pytest_django-4.14.0-py3-none-any.whl", hash = "sha256:c533b08d89cc675efcd5398eea270b34547e35f9a3608e2c9748dd88428ea187"},
    {file = "pytest_django-4.14.0.tar.gz", hash = "sha256:26787dd3f422cfbab8f55b80a776e2edea7a11092cb74e960bef1312515708ef"},
]

[package.dependencies]
pytest = ">=7.0.0"

[package.extras]
django = ["django (>=5.2)"]
docs = ["sphinx", "sphinx-rtd-theme"]

[[package]]
name = "pytokens"
version = "0.4.1"
description = "A Fast, spec compliant Python 3.14+ tokenizer that runs on older Pythons."
optional = false
python-versions = ">=3.8"
groups = ["main"]
files = [
    {file = "pytokens-0.4.1-cp310-cp310-macosx_11_0_arm64.whl", hash = "sha256:2a44ed93ea23415c54f3face3b65ef2b844d96aeb3455b8a69b3df6beab6acc5"},
    {file = "pytokens-0.4.1-cp310-cp310-manylinux2014_aarch64.manylinux_2_17_aarch64.manylinux_2_28_aarch64.whl", hash = "sha256:add8bf86b71a5d9fb5b89f023a80b791e04fba57960aa790cc6125f7f1d39dfe"},
    {file = "pytokens-0.4.1-cp310-cp310-manylinux2014_x86_64.manylinux_2_17_x86_64.manylinux_2_28_x86_64.whl", hash = "sha256:670d286910b531c7b7e3c0b453fd8156f250adb140146d234a82219459b9640c"},
    {file = "pytokens-0.4.1-cp310-cp310-musllinux_1_2_x86_64.whl", hash = "sha256:4e691d7f5186bd2842c14813f79f8884bb03f5995f0575272009982c5ac6c0f7"},
    {file = "pytokens-0.4.1-cp310-cp310-win_amd64.whl", hash = "sha256:27b83ad28825978742beef057bfe406ad6ed524b2d28c252c5de7b4a6dd48fa2"},
    {file = "pytokens-0.4.1-cp311-cp311-macosx_11_0_arm64.whl", hash = "sha256:d70e77c55ae8380c91c0c18dea05951482e263982911fc7410b1ffd1dadd3440"},
    {file = "pytokens-0.4.1-cp311-cp311-manylinux2014_aarch64.manylinux_2_17_aarch64.manylinux_2_28_aarch64.whl", hash = "sha256:4a58d057208cb9075c144950d789511220b07636dd2e4708d5645d24de666bdc"},
    {file = "pytokens-0.4.1-cp311-cp311-manylinux2014_x86_64.manylinux_2_17_x86_64.manylinux_2_28_x86_64.whl", hash = "sha256:b49750419d300e2b5a3813cf229d4e5a4c728dae470bcc89867a9ad6f25a722d"},
    {file = "pytokens-0.4.1-cp311-cp311-musllinux_1_2_x86_64.whl", hash = "sha256:d9907d61f15bf7261d7e775bd5d7ee4d2930e04424bab1972591918497623a16"},
    {file = "pytokens-0.4.1-cp311-cp311-win_amd64.whl", hash = "sha256:ee44d0f85b803321710f9239f335aafe16553b39106384cef8e6de40cb4ef2f6"},
    {file = "pytokens-0.4.1-cp312-cp312-macosx_11_0_arm64.whl", hash = "sha256:140709331e846b728475786df8aeb27d24f48cbcf7bcd449f8de75cae7a45083"},
    {file = "pytokens-0.4.1-cp312-cp312-manylinux2014_aarch64.manylinux_2_17_aarch64.manylinux_2_28_aarch64.whl", hash = "sha256:6d6c4268598f762bc8e91f5dbf2ab2f61f7b95bdc07953b602db879b3c8c18e1"},
    {file = "pytokens-0.4.1-cp312-cp312-manylinux2014_x86_64.manylinux_2_17_x86_64.manylinux_2_28_x86_64.whl", hash = "sha256:24afde1f53d95348b5a0eb19488661147285ca4dd7ed752bbc3e1c6242a304d1"},
    {file = "pytokens-0.4.1-cp312-cp312-musllinux_1_2_x86_64.whl", hash = "sha256:5ad948d085ed6c16413eb5fec6b3e02fa00dc29a2534f088d3302c47eb59adf9"},
    {file = "pytokens-0.4.1-cp312-cp312-win_amd64.whl", hash = "sha256:3f901fe783e06e48e8cbdc82d631fca8f118333798193e026a50ce1b3757ea68"},
    {file = "pytokens-0.4.1-cp313-cp313-macosx_11_0_arm64.whl", hash = "sha256:8bdb9d0ce90cbf99c525e75a2fa415144fd570a1ba987380190e8b786bc6ef9b"},
    {file = "pytokens-0.4.1-cp313-cp313-manylinux2014_aarch64.manylinux_2_17_aarch64.manylinux_2_28_aarch64.whl", hash = "sha256:5502408cab1cb18e128570f8d598981c68a50d0cbd7c61312a90507cd3a1276f"},
    {file = "pytokens-0.4.1-cp313-cp313-manylinux2014_x86_64.manylinux_2_17_x86_64.manylinux_2_28_x86_64.whl", hash = "sha256:29d1d8fb1030af4d231789959f21821ab6325e463f0503a61d204343c9b355d1"},
    {file = "pytokens-0.4.1-cp313-cp313-musllinux_1_2_x86_64.whl", hash = "sha256:970b08dd6b86058b6dc07efe9e98414f5102974716232d10f32ff39701e841c4"},
    {file = "pytokens-0.4.1-cp313-cp313-win_amd64.whl", hash = "sha256:9bd7d7f544d362576be74f9d5901a22f317efc20046efe2034dced238cbbfe78"},
    {file = "pytokens-0.4.1-cp314-cp314-macosx_11_0_arm64.whl", hash = "sha256:4a14d5f5fc78ce85e426aa159489e2d5961acf0e47575e08f35584009178e321"},
    {file = "pytokens-0.4.1-cp314-cp314-manylinux2014_aarch64.manylinux_2_17_aarch64.manylinux_2_28_aarch64.whl", hash = "sha256:97f50fd18543be72da51dd505e2ed20d2228c74e0464e4262e4899797803d7fa"},
    {file = "pytokens-0.4.1-cp314-cp314-manylinux2014_x86_64.manylinux_2_17_x86_64.manylinux_2_28_x86_64.whl", hash = "sha256:dc74c035f9bfca0255c1af77ddd2d6ae8419012805453e4b0e7513e17904545d"},
    {file = "pytokens-0.4.1-cp314-cp314-musllinux_1_2_x86_64.whl", hash = "sha256:f66a6bbe741bd431f6d741e617e0f39ec7257ca1f89089593479347cc4d13324"},
    {file = "pytokens-0.4.1-cp314-cp314-win_amd64.whl", hash = "sha256:b35d7e5ad269804f6697727702da3c517bb8a5228afa450ab0fa787732055fc9"},
    {file = "pytokens-0.4.1-cp314-cp314t-macosx_11_0_arm64.whl", hash = "sha256:8fcb9ba3709ff77e77f1c7022ff11d13553f3c30299a9fe246a166903e9091eb"},
    {file = "pytokens-0.4.1-cp314-cp314t-manylinux2014_aarch64.manylinux_2_17_aarch64.manylinux_2_28_aarch64.whl", hash = "sha256:79fc6b8699564e1f9b521582c35435f1bd32dd06822322ec44afdeba666d8cb3"},
    {file = "pytokens-0.4.1-cp314-cp314t-manylinux2014_x86_64.manylinux_2_17_x86_64.manylinux_2_28_x86_64.whl", hash = "sha256:d31b97b3de0f61571a124a00ffe9a81fb9939146c122c11060725bd5aea79975"},
    {file = "pytokens-0.4.1-cp314-cp314t-musllinux_1_2_x86_64.whl", hash = "sha256:967cf6e3fd4adf7de8fc73cd3043754ae79c36475c1c11d514fc72cf5490094a"},
    {file = "pytokens-0.4.1-cp314-cp314t-win_amd64.whl", hash = "sha256:584c80c24b078eec1e227079d56dc22ff755e0ba8654d8383b2c549107528918"},
    {file = "pytokens-0.4.1-cp38-cp38-macosx_11_0_arm64.whl", hash = "sha256:da5baeaf7116dced9c6bb76dc31ba04a2dc3695f3d9f74741d7910122b456edc"},
    {file = "pytokens-0.4.1-cp38-cp38-manylinux2014_aarch64.manylinux_2_17_aarch64.manylinux_2_28_aarch64.whl", hash = "sha256:11edda0942da80ff58c4408407616a310adecae1ddd22eef8c692fe266fa5009"},
    {file = "pytokens-0.4.1-cp38-cp38-manylinux2014_x86_64.manylinux_2_17_x86_64.manylinux_2_28_x86_64.whl", hash = "sha256:0fc71786e629cef478cbf29d7ea1923299181d0699dbe7c3c0f4a583811d9fc1"},
    {file = "pytokens-0.4.1-cp38-cp38-musllinux_1_2_x86_64.whl", hash = "sha256:dcafc12c30dbaf1e2af0490978352e0c4041a7cde31f4f81435c2a5e8b9cabb6"},
    {file = "pytokens-0.4.1-cp38-cp38-win_amd64.whl", hash = "sha256:42f144f3aafa5d92bad964d471a581651e28b24434d184871bd02e3a0d956037"},
    {file = "pytokens-0.4.1-cp39-cp39-macosx_11_0_arm64.whl", hash = "sha256:34bcc734bd2f2d5fe3b34e7b3c0116bfb2397f2d9666139988e7a3eb5f7400e3"},
    {file = "pytokens-0.4.1-cp39-cp39-manylinux2014_aarch64.manylinux_2_17_aarch64.manylinux_2_28_aarch64.whl", hash = "sha256:941d4343bf27b605e9213b26bfa1c4bf197c9c599a9627eb7305b0defcfe40c1"},
    {file = "pytokens-0.4.1-cp39-cp39-manylinux2014_x86_64.manylinux_2_17_x86_64.manylinux_2_28_x86_64.whl", hash = "sha256:3ad72b851e781478366288743198101e5eb34a414f1d5627cdd585ca3b25f1db"},
    {file = "pytokens-0.4.1-cp39-cp39-musllinux_1_2_x86_64.whl", hash = "sha256:682fa37ff4d8e95f7df6fe6fe6a431e8ed8e788023c6bcc0f0880a12eab80ad1"},
    {file = "pytokens-0.4.1-cp39-cp39-win_amd64.whl", hash = "sha256:30f51edd9bb7f85c748979384165601d028b84f7bd13fe14d3e065304093916a"},
    {file = "pytokens-0.4.1-py3-none-any.whl", hash = "sha256:26cef14744a8385f35d0e095dc8b3a7583f6c953c2e3d269c7f82484bf5ad2de"},
    {file = "pytokens-0.4.1.tar.gz", hash = "sha256:292052fe80923aae2260c073f822ceba21f3872ced9a68bb7953b348e561179a"},
]

[package.extras]
dev = ["black", "build", "mypy", "pytest", "pytest-cov", "setuptools", "tox", "twine", "wheel"]

[[package]]
name = "sqlparse"
version = "0.6.0"
description = "A non-validating SQL parser."
optional = false
python-versions = ">=3.10"
groups = ["main"]
files = [
    {file = "sqlparse-0.6.0-py3-none-any.whl", hash = "sha256:b861c0288ce2fa56209a9a6412d2e066ac664b3873b89c26c9d8415e8e32996f"},
    {file = "sqlparse-0.6.0.tar.gz", hash = "sha256:113c35c75365ab9cc9c7231d68c6428fb11c085fc8e9eb1ad659b7ddbf6cd2b9"},
]

[package.extras]
dev = ["build"]
doc = ["furo", "sphinx"]

[[package]]
name = "tzdata"
version = "2026.5"
description = "Provider of IANA time zone data"
optional = false
python-versions = ">=2"
groups = ["main"]
markers = "platform_system == \"Windows\" or sys_platform == \"win32\""
files = [
    {file = "tzdata-2026.5-py2.py3-none-any.whl", hash = "sha256:b683bd1b6659ddcd810ff02ad09ba821d4bf1065072805063eb35c49617905ac"},
    {file = "tzdata-2026.5.tar.gz", hash = "sha256:8cc73c0a0bfca7dbfa59235d60b2eff82231dee33f53d206db1acd9173cfc0a7"},
]

[metadata]
lock-version = "2.1"
python-versions = ">=3.12,<4.0"
content-hash = "83b2536787c9e82e75cf105e262726929de7a40f57ceb02137e814eb4c3aac78"
